lockfileVersion: 5.4

specifiers:
  '@types/react': ^18.0.18
  '@types/react-dom': ^18.0.6
  '@types/react-native': ^0.69.6
  esbuild: ^0.15.6
  esbuild-plugin-alias: ^0.2.1
  redux: ^4.2.0
  spitroast: ^1.4.2
  typescript: ^4.8.2
  zustand: ^4.1.1

dependencies:
  spitroast: 1.4.2

devDependencies:
  '@types/react': 18.0.18
  '@types/react-dom': 18.0.6
  '@types/react-native': 0.69.6
  esbuild: 0.15.6
  esbuild-plugin-alias: 0.2.1
  redux: 4.2.0
  typescript: 4.8.2
  zustand: 4.1.1

packages:

  /@babel/runtime/7.18.9:
    resolution: {integrity: sha512-lkqXDcvlFT5rvEjiu6+QYO+1GXrEHRo2LOtS7E4GtX5ESIZOgepqsZBVIj6Pv+a6zqsya9VCgiK1KAK4BvJDAw==}
    engines: {node: '>=6.9.0'}
    dependencies:
      regenerator-runtime: 0.13.9
    dev: true

  /@esbuild/linux-loong64/0.15.6:
    resolution: {integrity: sha512-hqmVU2mUjH6J2ZivHphJ/Pdse2ZD+uGCHK0uvsiLDk/JnSedEVj77CiVUnbMKuU4tih1TZZL8tG9DExQg/GZsw==}
    engines: {node: '>=12'}
    cpu: [loong64]
    os: [linux]
    requiresBuild: true
    dev: true
    optional: true

  /@types/prop-types/15.7.5:
    resolution: {integrity: sha512-JCB8C6SnDoQf0cNycqd/35A7MjcnK+ZTqE7judS6o7utxUCg6imJg3QK2qzHKszlTjcj2cn+NwMB2i96ubpj7w==}
    dev: true

  /@types/react-dom/18.0.6:
    resolution: {integrity: sha512-/5OFZgfIPSwy+YuIBP/FgJnQnsxhZhjjrnxudMddeblOouIodEQ75X14Rr4wGSG/bknL+Omy9iWlLo1u/9GzAA==}
    dependencies:
      '@types/react': 18.0.18
    dev: true

  /@types/react-native/0.69.6:
    resolution: {integrity: sha512-jx1QdJT3CdQc42EpoIGu22F1wrPZjmC/CNkfR5sRs5GxloJzthuICK7CKqAGEo2SekPs+YYzhbzrJGi1IrG5Lg==}
    dependencies:
      '@types/react': 18.0.18
    dev: true

  /@types/react/18.0.18:
    resolution: {integrity: sha512-6hI08umYs6NaiHFEEGioXnxJ+oEhY3eRz8VCUaudZmGdtvPviCJB8mgaMxaDWAdPSYd4eFavrPk2QIolwbLYrg==}
    dependencies:
      '@types/prop-types': 15.7.5
      '@types/scheduler': 0.16.2
      csstype: 3.1.0
    dev: true

  /@types/scheduler/0.16.2:
    resolution: {integrity: sha512-hppQEBDmlwhFAXKJX2KnWLYu5yMfi91yazPb2l+lbJiwW+wdo1gNeRA+3RgNSO39WYX2euey41KEwnqesU2Jew==}
    dev: true

  /csstype/3.1.0:
    resolution: {integrity: sha512-uX1KG+x9h5hIJsaKR9xHUeUraxf8IODOwq9JLNPq6BwB04a/xgpq3rcx47l5BZu5zBPlgD342tdke3Hom/nJRA==}
    dev: true

  /esbuild-android-64/0.15.6:
    resolution: {integrity: sha512-Z1CHSgB1crVQi2LKSBwSkpaGtaloVz0ZIYcRMsvHc3uSXcR/x5/bv9wcZspvH/25lIGTaViosciS/NS09ERmVA==}
    engines: {node: '>=12'}
    cpu: [x64]
    os: [android]
    requiresBuild: true
    dev: true
    optional: true

  /esbuild-android-arm64/0.15.6:
    resolution: {integrity: sha512-mvM+gqNxqKm2pCa3dnjdRzl7gIowuc4ga7P7c3yHzs58Im8v/Lfk1ixSgQ2USgIywT48QWaACRa3F4MG7djpSw==}
    engines: {node: '>=12'}
    cpu: [arm64]
    os: [android]
    requiresBuild: true
    dev: true
    optional: true

  /esbuild-darwin-64/0.15.6:
    resolution: {integrity: sha512-BsfVt3usScAfGlXJiGtGamwVEOTM8AiYiw1zqDWhGv6BncLXCnTg1As+90mxWewdTZKq3iIy8s9g8CKkrrAXVw==}
    engines: {node: '>=12'}
    cpu: [x64]
    os: [darwin]
    requiresBuild: true
    dev: true
    optional: true

  /esbuild-darwin-arm64/0.15.6:
    resolution: {integrity: sha512-CnrAeJaEpPakUobhqO4wVSA4Zm6TPaI5UY4EsI62j9mTrjIyQPXA1n4Ju6Iu5TVZRnEqV6q8blodgYJ6CJuwCA==}
    engines: {node: '>=12'}
    cpu: [arm64]
    os: [darwin]
    requiresBuild: true
    dev: true
    optional: true

  /esbuild-freebsd-64/0.15.6:
    resolution: {integrity: sha512-+qFdmqi+jkAsxsNJkaWVrnxEUUI50nu6c3MBVarv3RCDCbz7ZS1a4ZrdkwEYFnKcVWu6UUE0Kkb1SQ1yGEG6sg==}
    engines: {node: '>=12'}
    cpu: [x64]
    os: [freebsd]
    requiresBuild: true
    dev: true
    optional: true

  /esbuild-freebsd-arm64/0.15.6:
    resolution: {integrity: sha512-KtQkQOhnNciXm2yrTYZMD3MOm2zBiiwFSU+dkwNbcfDumzzUprr1x70ClTdGuZwieBS1BM/k0KajRQX7r504Xw==}
    engines: {node: '>=12'}
    cpu: [arm64]
    os: [freebsd]
    requiresBuild: true
    dev: true
    optional: true

  /esbuild-linux-32/0.15.6:
    resolution: {integrity: sha512-IAkDNz3TpxwISTGVdQijwyHBZrbFgLlRi5YXcvaEHtgbmayLSDcJmH5nV1MFgo/x2QdKcHBkOYHdjhKxUAcPwg==}
    engines: {node: '>=12'}
    cpu: [ia32]
    os: [linux]
    requiresBuild: true
    dev: true
    optional: true

  /esbuild-linux-64/0.15.6:
    resolution: {integrity: sha512-gQPksyrEYfA4LJwyfTQWAZaVZCx4wpaLrSzo2+Xc9QLC+i/sMWmX31jBjrn4nLJCd79KvwCinto36QC7BEIU/A==}
    engines: {node: '>=12'}
    cpu: [x64]
    os: [linux]
    requiresBuild: true
    dev: true
    optional: true

  /esbuild-linux-arm/0.15.6:
    resolution: {integrity: sha512-xZ0Bq2aivsthDjA/ytQZzxrxIZbG0ATJYMJxNeOIBc1zUjpbVpzBKgllOZMsTSXMHFHGrow6TnCcgwqY0+oEoQ==}
    engines: {node: '>=12'}
    cpu: [arm]
    os: [linux]
    requiresBuild: true
    dev: true
    optional: true

  /esbuild-linux-arm64/0.15.6:
    resolution: {integrity: sha512-aovDkclFa6C9EdZVBuOXxqZx83fuoq8097xZKhEPSygwuy4Lxs8J4anHG7kojAsR+31lfUuxzOo2tHxv7EiNHA==}
    engines: {node: '>=12'}
    cpu: [arm64]
    os: [linux]
    requiresBuild: true
    dev: true
    optional: true

  /esbuild-linux-mips64le/0.15.6:
    resolution: {integrity: sha512-wVpW8wkWOGizsCqCwOR/G3SHwhaecpGy3fic9BF1r7vq4djLjUcA8KunDaBCjJ6TgLQFhJ98RjDuyEf8AGjAvw==}
    engines: {node: '>=12'}
    cpu: [mips64el]
    os: [linux]
    requiresBuild: true
    dev: true
    optional: true

  /esbuild-linux-ppc64le/0.15.6:
    resolution: {integrity: sha512-z6w6gsPH/Y77uchocluDC8tkCg9rfkcPTePzZKNr879bF4tu7j9t255wuNOCE396IYEGxY7y8u2HJ9i7kjCLVw==}
    engines: {node: '>=12'}
    cpu: [ppc64]
    os: [linux]
    requiresBuild: true
    dev: true
    optional: true

  /esbuild-linux-riscv64/0.15.6:
    resolution: {integrity: sha512-pfK/3MJcmbfU399TnXW5RTPS1S+ID6ra+CVj9TFZ2s0q9Ja1F5A1VirUUvViPkjiw+Kq3zveyn6U09Wg1zJXrw==}
    engines: {node: '>=12'}
    cpu: [riscv64]
    os: [linux]
    requiresBuild: true
    dev: true
    optional: true

  /esbuild-linux-s390x/0.15.6:
    resolution: {integrity: sha512-OZeeDu32liefcwAE63FhVqM4heWTC8E3MglOC7SK0KYocDdY/6jyApw0UDkDHlcEK9mW6alX/SH9r3PDjcCo/Q==}
    engines: {node: '>=12'}
    cpu: [s390x]
    os: [linux]
    requiresBuild: true
    dev: true
    optional: true

  /esbuild-netbsd-64/0.15.6:
    resolution: {integrity: sha512-kaxw61wcHMyiEsSsi5ut1YYs/hvTC2QkxJwyRvC2Cnsz3lfMLEu8zAjpBKWh9aU/N0O/gsRap4wTur5GRuSvBA==}
    engines: {node: '>=12'}
    cpu: [x64]
    os: [netbsd]
    requiresBuild: true
    dev: true
    optional: true

  /esbuild-openbsd-64/0.15.6:
    resolution: {integrity: sha512-CuoY60alzYfIZapUHqFXqXbj88bbRJu8Fp9okCSHRX2zWIcGz4BXAHXiG7dlCye5nFVrY72psesLuWdusyf2qw==}
    engines: {node: '>=12'}
    cpu: [x64]
    os: [openbsd]
    requiresBuild: true
    dev: true
    optional: true

  /esbuild-plugin-alias/0.2.1:
    resolution: {integrity: sha512-jyfL/pwPqaFXyKnj8lP8iLk6Z0m099uXR45aSN8Av1XD4vhvQutxxPzgA2bTcAwQpa1zCXDcWOlhFgyP3GKqhQ==}
    dev: true

  /esbuild-sunos-64/0.15.6:
    resolution: {integrity: sha512-1ceefLdPWcd1nW/ZLruPEYxeUEAVX0YHbG7w+BB4aYgfknaLGotI/ZvPWUZpzhC8l1EybrVlz++lm3E6ODIJOg==}
    engines: {node: '>=12'}
    cpu: [x64]
    os: [sunos]
    requiresBuild: true
    dev: true
    optional: true

  /esbuild-windows-32/0.15.6:
    resolution: {integrity: sha512-pBqdOsKqCD5LRYiwF29PJRDJZi7/Wgkz46u3d17MRFmrLFcAZDke3nbdDa1c8YgY78RiemudfCeAemN8EBlIpA==}
    engines: {node: '>=12'}
    cpu: [ia32]
    os: [win32]
    requiresBuild: true
    dev: true
    optional: true

  /esbuild-windows-64/0.15.6:
    resolution: {integrity: sha512-KpPOh4aTOo//g9Pk2oVAzXMpc9Sz9n5A9sZTmWqDSXCiiachfFhbuFlsKBGATYCVitXfmBIJ4nNYYWSOdz4hQg==}
    engines: {node: '>=12'}
    cpu: [x64]
    os: [win32]
    requiresBuild: true
    dev: true
    optional: true

  /esbuild-windows-arm64/0.15.6:
    resolution: {integrity: sha512-DB3G2x9OvFEa00jV+OkDBYpufq5x/K7a6VW6E2iM896DG4ZnAvJKQksOsCPiM1DUaa+DrijXAQ/ZOcKAqf/3Hg==}
    engines: {node: '>=12'}
    cpu: [arm64]
    os: [win32]
    requiresBuild: true
    dev: true
    optional: true

  /esbuild/0.15.6:
    resolution: {integrity: sha512-sgLOv3l4xklvXzzczhRwKRotyrfyZ2i1fCS6PTOLPd9wevDPArGU8HFtHrHCOcsMwTjLjzGm15gvC8uxVzQf+w==}
    engines: {node: '>=12'}
    hasBin: true
    requiresBuild: true
    optionalDependencies:
      '@esbuild/linux-loong64': 0.15.6
      esbuild-android-64: 0.15.6
      esbuild-android-arm64: 0.15.6
      esbuild-darwin-64: 0.15.6
      esbuild-darwin-arm64: 0.15.6
      esbuild-freebsd-64: 0.15.6
      esbuild-freebsd-arm64: 0.15.6
      esbuild-linux-32: 0.15.6
      esbuild-linux-64: 0.15.6
      esbuild-linux-arm: 0.15.6
      esbuild-linux-arm64: 0.15.6
      esbuild-linux-mips64le: 0.15.6
      esbuild-linux-ppc64le: 0.15.6
      esbuild-linux-riscv64: 0.15.6
      esbuild-linux-s390x: 0.15.6
      esbuild-netbsd-64: 0.15.6
      esbuild-openbsd-64: 0.15.6
      esbuild-sunos-64: 0.15.6
      esbuild-windows-32: 0.15.6
      esbuild-windows-64: 0.15.6
      esbuild-windows-arm64: 0.15.6
    dev: true

  /redux/4.2.0:
    resolution: {integrity: sha512-oSBmcKKIuIR4ME29/AeNUnl5L+hvBq7OaJWzaptTQJAntaPvxIJqfnjbaEiCzzaIz+XmVILfqAM3Ob0aXLPfjA==}
    dependencies:
      '@babel/runtime': 7.18.9
    dev: true

  /regenerator-runtime/0.13.9:
    resolution: {integrity: sha512-p3VT+cOEgxFsRRA9X4lkI1E+k2/CtnKtU4gcxyaCUreilL/vqI6CdZ3wxVUx3UOUg+gnUOQQcRI7BmSI656MYA==}
    dev: true

  /spitroast/1.4.2:
    resolution: {integrity: sha512-iEBsKg3EXTQj2nikYIMtOE5YSqbI5CtRxVYI+Gh+9HeQxf4u86UWF5yC5eTVAoReZSogbD2M37JYG8TYGBnFTg==}
    dev: false

  /typescript/4.8.2:
    resolution: {integrity: sha512-C0I1UsrrDHo2fYI5oaCGbSejwX4ch+9Y5jTQELvovfmFkK3HHSZJB8MSJcWLmCUBzQBchCrZ9rMRV6GuNrvGtw==}
    engines: {node: '>=4.2.0'}
    hasBin: true
    dev: true

  /use-sync-external-store/1.2.0:
    resolution: {integrity: sha512-eEgnFxGQ1Ife9bzYs6VLi8/4X6CObHMw9Qr9tPY43iKwsPw8xE8+EFsf/2cFZ5S3esXgpWgtSCtLNS41F+sKPA==}
    peerDependencies:
      react: ^16.8.0 || ^17.0.0 || ^18.0.0
    peerDependenciesMeta:
      react:
        optional: true
    dev: true

  /zustand/4.1.1:
    resolution: {integrity: sha512-h4F3WMqsZgvvaE0n3lThx4MM81Ls9xebjvrABNzf5+jb3/03YjNTSgZXeyrvXDArMeV9untvWXRw1tY+ntPYbA==}
    engines: {node: '>=12.7.0'}
    peerDependencies:
      immer: '>=9.0'
      react: '>=16.8'
    peerDependenciesMeta:
      immer:
        optional: true
      react:
        optional: true
    dependencies:
      use-sync-external-store: 1.2.0
    dev: true
