lockfileVersion: 5.4

specifiers:
  '@react-native-clipboard/clipboard': ^1.10.0
  '@types/react': 18.0.27
  '@types/react-native': 0.70.6
  esbuild: ^0.17.5
  esbuild-plugin-alias: ^0.2.1
  esbuild-plugin-external-global: ^1.0.1
  esbuild-plugin-replace: ^1.3.0
  spitroast: ^1.4.2
  typescript: ^4.9.5

dependencies:
  spitroast: 1.4.2

devDependencies:
  '@react-native-clipboard/clipboard': 1.10.0
  '@types/react': 18.0.27
  '@types/react-native': 0.70.6
  esbuild: 0.17.5
  esbuild-plugin-alias: 0.2.1
  esbuild-plugin-external-global: 1.0.1
  esbuild-plugin-replace: 1.3.0
  typescript: 4.9.5

packages:

  /@esbuild/android-arm/0.17.5:
    resolution: {integrity: sha512-crmPUzgCmF+qZXfl1YkiFoUta2XAfixR1tEnr/gXIixE+WL8Z0BGqfydP5oox0EUOgQMMRgtATtakyAcClQVqQ==}
    engines: {node: '>=12'}
    cpu: [arm]
    os: [android]
    requiresBuild: true
    dev: true
    optional: true

  /@esbuild/android-arm64/0.17.5:
    resolution: {integrity: sha512-KHWkDqYAMmKZjY4RAN1PR96q6UOtfkWlTS8uEwWxdLtkRt/0F/csUhXIrVfaSIFxnscIBMPynGfhsMwQDRIBQw==}
    engines: {node: '>=12'}
    cpu: [arm64]
    os: [android]
    requiresBuild: true
    dev: true
    optional: true

  /@esbuild/android-x64/0.17.5:
    resolution: {integrity: sha512-8fI/AnIdmWz/+1iza2WrCw8kwXK9wZp/yZY/iS8ioC+U37yJCeppi9EHY05ewJKN64ASoBIseufZROtcFnX5GA==}
    engines: {node: '>=12'}
    cpu: [x64]
    os: [android]
    requiresBuild: true
    dev: true
    optional: true

  /@esbuild/darwin-arm64/0.17.5:
    resolution: {integrity: sha512-EAvaoyIySV6Iif3NQCglUNpnMfHSUgC5ugt2efl3+QDntucJe5spn0udNZjTgNi6tKVqSceOw9tQ32liNZc1Xw==}
    engines: {node: '>=12'}
    cpu: [arm64]
    os: [darwin]
    requiresBuild: true
    dev: true
    optional: true

  /@esbuild/darwin-x64/0.17.5:
    resolution: {integrity: sha512-ha7QCJh1fuSwwCgoegfdaljowwWozwTDjBgjD3++WAy/qwee5uUi1gvOg2WENJC6EUyHBOkcd3YmLDYSZ2TPPA==}
    engines: {node: '>=12'}
    cpu: [x64]
    os: [darwin]
    requiresBuild: true
    dev: true
    optional: true

  /@esbuild/freebsd-arm64/0.17.5:
    resolution: {integrity: sha512-VbdXJkn2aI2pQ/wxNEjEcnEDwPpxt3CWWMFYmO7CcdFBoOsABRy2W8F3kjbF9F/pecEUDcI3b5i2w+By4VQFPg==}
    engines: {node: '>=12'}
    cpu: [arm64]
    os: [freebsd]
    requiresBuild: true
    dev: true
    optional: true

  /@esbuild/freebsd-x64/0.17.5:
    resolution: {integrity: sha512-olgGYND1/XnnWxwhjtY3/ryjOG/M4WfcA6XH8dBTH1cxMeBemMODXSFhkw71Kf4TeZFFTN25YOomaNh0vq2iXg==}
    engines: {node: '>=12'}
    cpu: [x64]
    os: [freebsd]
    requiresBuild: true
    dev: true
    optional: true

  /@esbuild/linux-arm/0.17.5:
    resolution: {integrity: sha512-YBdCyQwA3OQupi6W2/WO4FnI+NWFWe79cZEtlbqSESOHEg7a73htBIRiE6uHPQe7Yp5E4aALv+JxkRLGEUL7tw==}
    engines: {node: '>=12'}
    cpu: [arm]
    os: [linux]
    requiresBuild: true
    dev: true
    optional: true

  /@esbuild/linux-arm64/0.17.5:
    resolution: {integrity: sha512-8a0bqSwu3OlLCfu2FBbDNgQyBYdPJh1B9PvNX7jMaKGC9/KopgHs37t+pQqeMLzcyRqG6z55IGNQAMSlCpBuqg==}
    engines: {node: '>=12'}
    cpu: [arm64]
    os: [linux]
    requiresBuild: true
    dev: true
    optional: true

  /@esbuild/linux-ia32/0.17.5:
    resolution: {integrity: sha512-uCwm1r/+NdP7vndctgq3PoZrnmhmnecWAr114GWMRwg2QMFFX+kIWnp7IO220/JLgnXK/jP7VKAFBGmeOYBQYQ==}
    engines: {node: '>=12'}
    cpu: [ia32]
    os: [linux]
    requiresBuild: true
    dev: true
    optional: true

  /@esbuild/linux-loong64/0.17.5:
    resolution: {integrity: sha512-3YxhSBl5Sb6TtBjJu+HP93poBruFzgXmf3PVfIe4xOXMj1XpxboYZyw3W8BhoX/uwxzZz4K1I99jTE/5cgDT1g==}
    engines: {node: '>=12'}
    cpu: [loong64]
    os: [linux]
    requiresBuild: true
    dev: true
    optional: true

  /@esbuild/linux-mips64el/0.17.5:
    resolution: {integrity: sha512-Hy5Z0YVWyYHdtQ5mfmfp8LdhVwGbwVuq8mHzLqrG16BaMgEmit2xKO+iDakHs+OetEx0EN/2mUzDdfdktI+Nmg==}
    engines: {node: '>=12'}
    cpu: [mips64el]
    os: [linux]
    requiresBuild: true
    dev: true
    optional: true

  /@esbuild/linux-ppc64/0.17.5:
    resolution: {integrity: sha512-5dbQvBLbU/Y3Q4ABc9gi23hww1mQcM7KZ9KBqabB7qhJswYMf8WrDDOSw3gdf3p+ffmijMd28mfVMvFucuECyg==}
    engines: {node: '>=12'}
    cpu: [ppc64]
    os: [linux]
    requiresBuild: true
    dev: true
    optional: true

  /@esbuild/linux-riscv64/0.17.5:
    resolution: {integrity: sha512-fp/KUB/ZPzEWGTEUgz9wIAKCqu7CjH1GqXUO2WJdik1UNBQ7Xzw7myIajpxztE4Csb9504ERiFMxZg5KZ6HlZQ==}
    engines: {node: '>=12'}
    cpu: [riscv64]
    os: [linux]
    requiresBuild: true
    dev: true
    optional: true

  /@esbuild/linux-s390x/0.17.5:
    resolution: {integrity: sha512-kRV3yw19YDqHTp8SfHXfObUFXlaiiw4o2lvT1XjsPZ++22GqZwSsYWJLjMi1Sl7j9qDlDUduWDze/nQx0d6Lzw==}
    engines: {node: '>=12'}
    cpu: [s390x]
    os: [linux]
    requiresBuild: true
    dev: true
    optional: true

  /@esbuild/linux-x64/0.17.5:
    resolution: {integrity: sha512-vnxuhh9e4pbtABNLbT2ANW4uwQ/zvcHRCm1JxaYkzSehugoFd5iXyC4ci1nhXU13mxEwCnrnTIiiSGwa/uAF1g==}
    engines: {node: '>=12'}
    cpu: [x64]
    os: [linux]
    requiresBuild: true
    dev: true
    optional: true

  /@esbuild/netbsd-x64/0.17.5:
    resolution: {integrity: sha512-cigBpdiSx/vPy7doUyImsQQBnBjV5f1M99ZUlaJckDAJjgXWl6y9W17FIfJTy8TxosEF6MXq+fpLsitMGts2nA==}
    engines: {node: '>=12'}
    cpu: [x64]
    os: [netbsd]
    requiresBuild: true
    dev: true
    optional: true

  /@esbuild/openbsd-x64/0.17.5:
    resolution: {integrity: sha512-VdqRqPVIjjZfkf40LrqOaVuhw9EQiAZ/GNCSM2UplDkaIzYVsSnycxcFfAnHdWI8Gyt6dO15KHikbpxwx+xHbw==}
    engines: {node: '>=12'}
    cpu: [x64]
    os: [openbsd]
    requiresBuild: true
    dev: true
    optional: true

  /@esbuild/sunos-x64/0.17.5:
    resolution: {integrity: sha512-ItxPaJ3MBLtI4nK+mALLEoUs6amxsx+J1ibnfcYMkqaCqHST1AkF4aENpBehty3czqw64r/XqL+W9WqU6kc2Qw==}
    engines: {node: '>=12'}
    cpu: [x64]
    os: [sunos]
    requiresBuild: true
    dev: true
    optional: true

  /@esbuild/win32-arm64/0.17.5:
    resolution: {integrity: sha512-4u2Q6qsJTYNFdS9zHoAi80spzf78C16m2wla4eJPh4kSbRv+BpXIfl6TmBSWupD8e47B1NrTfrOlEuco7mYQtg==}
    engines: {node: '>=12'}
    cpu: [arm64]
    os: [win32]
    requiresBuild: true
    dev: true
    optional: true

  /@esbuild/win32-ia32/0.17.5:
    resolution: {integrity: sha512-KYlm+Xu9TXsfTWAcocLuISRtqxKp/Y9ZBVg6CEEj0O5J9mn7YvBKzAszo2j1ndyzUPk+op+Tie2PJeN+BnXGqQ==}
    engines: {node: '>=12'}
    cpu: [ia32]
    os: [win32]
    requiresBuild: true
    dev: true
    optional: true

  /@esbuild/win32-x64/0.17.5:
    resolution: {integrity: sha512-XgA9qWRqby7xdYXuF6KALsn37QGBMHsdhmnpjfZtYxKxbTOwfnDM6MYi2WuUku5poNaX2n9XGVr20zgT/2QwCw==}
    engines: {node: '>=12'}
    cpu: [x64]
    os: [win32]
    requiresBuild: true
    dev: true
    optional: true

  /@react-native-clipboard/clipboard/1.10.0:
    resolution: {integrity: sha512-1L+I0vmeUJgMi8MnNsqI00391/RFLkmmxj9qAuOS2madpvce/oNqJb8Pwk2Fc/uxIJSxOckTpq+dQwyPU6s+7w==}
    peerDependencies:
      react: '>=16.0'
      react-native: '>=0.57.0'
    peerDependenciesMeta:
      react:
        optional: true
      react-native:
        optional: true
    dev: true

  /@types/prop-types/15.7.5:
    resolution: {integrity: sha512-JCB8C6SnDoQf0cNycqd/35A7MjcnK+ZTqE7judS6o7utxUCg6imJg3QK2qzHKszlTjcj2cn+NwMB2i96ubpj7w==}
    dev: true

  /@types/react-native/0.70.6:
    resolution: {integrity: sha512-ynQ2jj0km9d7dbnyKqVdQ6Nti7VQ8SLTA/KKkkS5+FnvGyvij2AOo1/xnkBR/jnSNXuzrvGVzw2n0VWfppmfKw==}
    dependencies:
      '@types/react': 18.0.27
    dev: true

  /@types/react/18.0.27:
    resolution: {integrity: sha512-3vtRKHgVxu3Jp9t718R9BuzoD4NcQ8YJ5XRzsSKxNDiDonD2MXIT1TmSkenxuCycZJoQT5d2vE8LwWJxBC1gmA==}
    dependencies:
      '@types/prop-types': 15.7.5
      '@types/scheduler': 0.16.2
      csstype: 3.1.1
    dev: true

  /@types/scheduler/0.16.2:
    resolution: {integrity: sha512-hppQEBDmlwhFAXKJX2KnWLYu5yMfi91yazPb2l+lbJiwW+wdo1gNeRA+3RgNSO39WYX2euey41KEwnqesU2Jew==}
    dev: true

  /csstype/3.1.1:
    resolution: {integrity: sha512-DJR/VvkAvSZW9bTouZue2sSxDwdTN92uHjqeKVm+0dAqdfNykRzQ95tay8aXMBAAPpUiq4Qcug2L7neoRh2Egw==}
    dev: true

  /esbuild-plugin-alias/0.2.1:
    resolution: {integrity: sha512-jyfL/pwPqaFXyKnj8lP8iLk6Z0m099uXR45aSN8Av1XD4vhvQutxxPzgA2bTcAwQpa1zCXDcWOlhFgyP3GKqhQ==}
    dev: true

  /esbuild-plugin-external-global/1.0.1:
    resolution: {integrity: sha512-NDzYHRoShpvLqNcrgV8ZQh61sMIFAry5KLTQV83BPG5iTXCCu7h72SCfJ97bW0GqtuqDD/1aqLbKinI/rNgUsg==}
    dev: true

  /esbuild-plugin-replace/1.3.0:
    resolution: {integrity: sha512-i9v5FDfKUaxzpCLn+avq3I6lxJDL5616/tzP93/GFAI7REFwkMTy/pilEIvqlH8RTVpjlwJDOqUOYvJOf5jnXg==}
    dependencies:
      magic-string: 0.25.9
    dev: true

  /esbuild/0.17.5:
    resolution: {integrity: sha512-Bu6WLCc9NMsNoMJUjGl3yBzTjVLXdysMltxQWiLAypP+/vQrf+3L1Xe8fCXzxaECus2cEJ9M7pk4yKatEwQMqQ==}
    engines: {node: '>=12'}
    hasBin: true
    requiresBuild: true
    optionalDependencies:
      '@esbuild/android-arm': 0.17.5
      '@esbuild/android-arm64': 0.17.5
      '@esbuild/android-x64': 0.17.5
      '@esbuild/darwin-arm64': 0.17.5
      '@esbuild/darwin-x64': 0.17.5
      '@esbuild/freebsd-arm64': 0.17.5
      '@esbuild/freebsd-x64': 0.17.5
      '@esbuild/linux-arm': 0.17.5
      '@esbuild/linux-arm64': 0.17.5
      '@esbuild/linux-ia32': 0.17.5
      '@esbuild/linux-loong64': 0.17.5
      '@esbuild/linux-mips64el': 0.17.5
      '@esbuild/linux-ppc64': 0.17.5
      '@esbuild/linux-riscv64': 0.17.5
      '@esbuild/linux-s390x': 0.17.5
      '@esbuild/linux-x64': 0.17.5
      '@esbuild/netbsd-x64': 0.17.5
      '@esbuild/openbsd-x64': 0.17.5
      '@esbuild/sunos-x64': 0.17.5
      '@esbuild/win32-arm64': 0.17.5
      '@esbuild/win32-ia32': 0.17.5
      '@esbuild/win32-x64': 0.17.5
    dev: true

  /magic-string/0.25.9:
    resolution: {integrity: sha512-RmF0AsMzgt25qzqqLc1+MbHmhdx0ojF2Fvs4XnOqz2ZOBXzzkEwc/dJQZCYHAn7v1jbVOjAZfK8msRn4BxO4VQ==}
    dependencies:
      sourcemap-codec: 1.4.8
    dev: true

  /sourcemap-codec/1.4.8:
    resolution: {integrity: sha512-9NykojV5Uih4lgo5So5dtw+f0JgJX30KCNI8gwhz2J9A15wD0Ml6tjHKwf6fTSa6fAdVBdZeNOs9eJ71qCk8vA==}
    deprecated: Please use @jridgewell/sourcemap-codec instead
    dev: true

  /spitroast/1.4.2:
    resolution: {integrity: sha512-iEBsKg3EXTQj2nikYIMtOE5YSqbI5CtRxVYI+Gh+9HeQxf4u86UWF5yC5eTVAoReZSogbD2M37JYG8TYGBnFTg==}
    dev: false

  /typescript/4.9.5:
    resolution: {integrity: sha512-1FXk9E2Hm+QzZQ7z+McJiHL4NW1F2EzMu9Nq9i3zAaGqibafqYwCVU6WyWAuyQRRzOlxou8xZSyXLEN8oKj24g==}
    engines: {node: '>=4.2.0'}
    hasBin: true
    dev: true
